version = 1
revision = 3
requires-python = ">=3.10, <3.15"

[[package]]
name = "click"
version = "8.3.1"
source = { registry = "https://pypi.org/simple" }
dependencies = [
    { name = "colorama", marker = "sys_platform == 'win32'" },
]
sdist = { url = "https://files.pythonhosted.org/packages/3d/fa/656b739db8587d7b5dfa22e22ed02566950fbfbcdc20311993483657a5c0/click-8.3.1.tar.gz", hash = "sha256:12ff4785d337a1bb490bb7e9c2b1ee5da3112e94a8622f26a6c77f5d2fc6842a", size = 295065, upload-time = "2025-11-15T20:45:42.706Z" }
wheels = [
    { url = "https://files.pythonhosted.org/packages/98/78/01c019cdb5d6498122777c1a43056ebb3ebfeef2076d9d026bfe15583b2b/click-8.3.1-py3-none-any.whl", hash = "sha256:981153a64e25f12d547d3426c367a4857371575ee7ad18df2a6183ab0545b2a6", size = 108274, upload-time = "2025-11-15T20:45:41.139Z" },
]

[[package]]
name = "colorama"
version = "0.4.6"
source = { registry = "https://pypi.org/simple" }
sdist = { url = "https://files.pythonhosted.org/packages/d8/53/6f443c9a4a8358a93a6792e2acffb9d9d5cb0a5cfd8802644b7b1c9a02e4/colorama-0.4.6.tar.gz", hash = "sha256:08695f5cb7ed6e0531a20572697297273c47b8cae5a63ffc6d6ed5c201be6e44", size = 27697, upload-time = "2022-10-25T02:36:22.414Z" }
wheels = [
    { url = "https://files.pythonhosted.org/packages/d1/d6/3965ed04c63042e047cb6a3e6ed1a63a35087b6a609aa3a15ed8ac56c221/colorama-0.4.6-py2.py3-none-any.whl", hash = "sha256:4f1d9991f5acc0ca119f9d443620b77f9d6b33703e51011c16baf57afb285fc6", size = 25335, upload-time = "2022-10-25T02:36:20.889Z" },
]

[[package]]
name = "datrie"
version = "0.8.3"
source = { registry = "https://pypi.org/simple" }
sdist = { url = "https://files.pythonhosted.org/packages/51/0b/c0f53a14317b304e2e93b29a831b0c83306caae9af7f0e2e037d17c4f63f/datrie-0.8.3.tar.gz", hash = "sha256:ea021ad4c8a8bf14e08a71c7872a622aa399a510f981296825091c7ca0436e80", size = 499040, upload-time = "2025-08-28T12:37:23.227Z" }

[[package]]
name = "hanziconv"
version = "0.3.2"
source = { registry = "https://pypi.org/simple" }
sdist = { url = "https://files.pythonhosted.org/packages/63/71/b89cb63077fd807fe31cf7c016a06e7e579a289d8a37aa24a30282d02dd2/hanziconv-0.3.2.tar.gz", hash = "sha256:208866da6ae305bca19eb98702b65c93bb3a803b496e4287ca740d68892fc4c4", size = 276775, upload-time = "2016-09-01T05:41:15.254Z" }

[[package]]
name = "joblib"
version = "1.5.2"
source = { registry = "https://pypi.org/simple" }
sdist = { url = "https://files.pythonhosted.org/packages/e8/5d/447af5ea094b9e4c4054f82e223ada074c552335b9b4b2d14bd9b35a67c4/joblib-1.5.2.tar.gz", hash = "sha256:3faa5c39054b2f03ca547da9b2f52fde67c06240c31853f306aea97f13647b55", size = 331077, upload-time = "2025-08-27T12:15:46.575Z" }
wheels = [
    { url = "https://files.pythonhosted.org/packages/1e/e8/685f47e0d754320684db4425a0967f7d3fa70126bffd76110b7009a0090f/joblib-1.5.2-py3-none-any.whl", hash = "sha256:4e1f0bdbb987e6d843c70cf43714cb276623def372df3c22fe5266b2670bc241", size = 308396, upload-time = "2025-08-27T12:15:45.188Z" },
]

[[package]]
name = "nltk"
version = "3.9.2"
source = { registry = "https://pypi.org/simple" }
dependencies = [
    { name = "click" },
    { name = "joblib" },
    { name = "regex" },
    { name = "tqdm" },
]
sdist = { url = "https://files.pythonhosted.org/packages/f9/76/3a5e4312c19a028770f86fd7c058cf9f4ec4321c6cf7526bab998a5b683c/nltk-3.9.2.tar.gz", hash = "sha256:0f409e9b069ca4177c1903c3e843eef90c7e92992fa4931ae607da6de49e1419", size = 2887629, upload-time = "2025-10-01T07:19:23.764Z" }
wheels = [
    { url = "https://files.pythonhosted.org/packages/60/90/81ac364ef94209c100e12579629dc92bf7a709a84af32f8c551b02c07e94/nltk-3.9.2-py3-none-any.whl", hash = "sha256:1e209d2b3009110635ed9709a67a1a3e33a10f799490fa71cf4bec218c11c88a", size = 1513404, upload-time = "2025-10-01T07:19:21.648Z" },
]

[[package]]
name = "rag-tokenizer"
version = "0.0.2"
source = { virtual = "." }
dependencies = [
    { name = "datrie" },
    { name = "hanziconv" },
    { name = "nltk" },
    { name = "readerwriterlock" },
]

[package.metadata]
requires-dist = [
    { name = "datrie", specifier = ">=0.8.3,<0.9.0" },
    { name = "hanziconv", specifier = ">=0.3.0,<0.4.0" },
    { name = "nltk", specifier = ">=3.9.0,<4.0.0" },
    { name = "readerwriterlock", specifier = ">=1.0.0,<2.0.0" },
]

[[package]]
name = "readerwriterlock"
version = "1.0.9"
source = { registry = "https://pypi.org/simple" }
dependencies = [
    { name = "typing-extensions" },
]
sdist = { url = "https://files.pythonhosted.org/packages/a4/b9/6b7c390440ec23bf5fdf33e76d6c3b697a788b983c11cb2739d6541835d6/readerwriterlock-1.0.9.tar.gz", hash = "sha256:b7c4cc003435d7a8ff15b312b0a62a88d9800ba6164af88991f87f8b748f9bea", size = 16595, upload-time = "2021-09-06T03:41:21.75Z" }
wheels = [
    { url = "https://files.pythonhosted.org/packages/c2/5a/2f2e7fc026d5e64b5408aa3fbe0296a6407b8481196cae4daacacb3a3ae0/readerwriterlock-1.0.9-py3-none-any.whl", hash = "sha256:8c4b704e60d15991462081a27ef46762fea49b478aa4426644f2146754759ca7", size = 9999, upload-time = "2021-09-06T03:41:19.435Z" },
]

[[package]]
name = "regex"
version = "2025.11.3"
source = { registry = "https://pypi.org/simple" }
sdist = { url = "https://files.pythonhosted.org/packages/cc/a9/546676f25e573a4cf00fe8e119b78a37b6a8fe2dc95cda877b30889c9c45/regex-2025.11.3.tar.gz", hash = "sha256:1fedc720f9bb2494ce31a58a1631f9c82df6a09b49c19517ea5cc280b4541e01", size = 414669, upload-time = "2025-11-03T21:34:22.089Z" }
wheels = [
    { url = "https://files.pythonhosted.org/packages/8a/d6/d788d52da01280a30a3f6268aef2aa71043bff359c618fea4c5b536654d5/regex-2025.11.3-cp310-cp310-macosx_10_9_universal2.whl", hash = "sha256:2b441a4ae2c8049106e8b39973bfbddfb25a179dda2bdb99b0eeb60c40a6a3af", size = 488087, upload-time = "2025-11-03T21:30:47.317Z" },
    { url = "https://files.pythonhosted.org/packages/69/39/abec3bd688ec9bbea3562de0fd764ff802976185f5ff22807bf0a2697992/regex-2025.11.3-cp310-cp310-macosx_10_9_x86_64.whl", hash = "sha256:2fa2eed3f76677777345d2f81ee89f5de2f5745910e805f7af7386a920fa7313", size = 290544, upload-time = "2025-11-03T21:30:49.912Z" },
    { url = "https://files.pythonhosted.org/packages/39/b3/9a231475d5653e60002508f41205c61684bb2ffbf2401351ae2186897fc4/regex-2025.11.3-cp310-cp310-macosx_11_0_arm64.whl", hash = "sha256:d8b4a27eebd684319bdf473d39f1d79eed36bf2cd34bd4465cdb4618d82b3d56", size = 288408, upload-time = "2025-11-03T21:30:51.344Z" },
    { url = "https://files.pythonhosted.org/packages/c3/c5/1929a0491bd5ac2d1539a866768b88965fa8c405f3e16a8cef84313098d6/regex-2025.11.3-cp310-cp310-manylinux2014_aarch64.manylinux_2_17_aarch64.manylinux_2_28_aarch64.whl", hash = "sha256:5cf77eac15bd264986c4a2c63353212c095b40f3affb2bc6b4ef80c4776c1a28", size = 781584, upload-time = "2025-11-03T21:30:52.596Z" },
    { url = "https://files.pythonhosted.org/packages/ce/fd/16aa16cf5d497ef727ec966f74164fbe75d6516d3d58ac9aa989bc9cdaad/regex-2025.11.3-cp310-cp310-manylinux2014_ppc64le.manylinux_2_17_ppc64le.manylinux_2_28_ppc64le.whl", hash = "sha256:b7f9ee819f94c6abfa56ec7b1dbab586f41ebbdc0a57e6524bd5e7f487a878c7", size = 850733, upload-time = "2025-11-03T21:30:53.825Z" },
    { url = "https://files.pythonhosted.org/packages/e6/49/3294b988855a221cb6565189edf5dc43239957427df2d81d4a6b15244f64/regex-2025.11.3-cp310-cp310-manylinux2014_s390x.manylinux_2_17_s390x.manylinux_2_28_s390x.whl", hash = "sha256:838441333bc90b829406d4a03cb4b8bf7656231b84358628b0406d803931ef32", size = 898691, upload-time = "2025-11-03T21:30:55.575Z" },
    { url = "https://files.pythonhosted.org/packages/14/62/b56d29e70b03666193369bdbdedfdc23946dbe9f81dd78ce262c74d988ab/regex-2025.11.3-cp310-cp310-manylinux2014_x86_64.manylinux_2_17_x86_64.manylinux_2_28_x86_64.whl", hash = "sha256:cfe6d3f0c9e3b7e8c0c694b24d25e677776f5ca26dce46fd6b0489f9c8339391", size = 791662, upload-time = "2025-11-03T21:30:57.262Z" },
    { url = "https://files.pythonhosted.org/packages/15/fc/e4c31d061eced63fbf1ce9d853975f912c61a7d406ea14eda2dd355f48e7/regex-2025.11.3-cp310-cp310-manylinux2014_x86_64.manylinux_2_17_x86_64.whl", hash = "sha256:2ab815eb8a96379a27c3b6157fcb127c8f59c36f043c1678110cea492868f1d5", size = 782587, upload-time = "2025-11-03T21:30:58.788Z" },
    { url = "https://files.pythonhosted.org/packages/b2/bb/5e30c7394bcf63f0537121c23e796be67b55a8847c3956ae6068f4c70702/regex-2025.11.3-cp310-cp310-musllinux_1_2_aarch64.whl", hash = "sha256:728a9d2d173a65b62bdc380b7932dd8e74ed4295279a8fe1021204ce210803e7", size = 774709, upload-time = "2025-11-03T21:31:00.081Z" },
    { url = "https://files.pythonhosted.org/packages/c5/c4/fce773710af81b0cb37cb4ff0947e75d5d17dee304b93d940b87a67fc2f4/regex-2025.11.3-cp310-cp310-musllinux_1_2_ppc64le.whl", hash = "sha256:509dc827f89c15c66a0c216331260d777dd6c81e9a4e4f830e662b0bb296c313", size = 845773, upload-time = "2025-11-03T21:31:01.583Z" },
    { url = "https://files.pythonhosted.org/packages/7b/5e/9466a7ec4b8ec282077095c6eb50a12a389d2e036581134d4919e8ca518c/regex-2025.11.3-cp310-cp310-musllinux_1_2_s390x.whl", hash = "sha256:849202cd789e5f3cf5dcc7822c34b502181b4824a65ff20ce82da5524e45e8e9", size = 836164, upload-time = "2025-11-03T21:31:03.244Z" },
    { url = "https://files.pythonhosted.org/packages/95/18/82980a60e8ed1594eb3c89eb814fb276ef51b9af7caeab1340bfd8564af6/regex-2025.11.3-cp310-cp310-musllinux_1_2_x86_64.whl", hash = "sha256:b6f78f98741dcc89607c16b1e9426ee46ce4bf31ac5e6b0d40e81c89f3481ea5", size = 779832, upload-time = "2025-11-03T21:31:04.876Z" },
    { url = "https://files.pythonhosted.org/packages/03/cc/90ab0fdbe6dce064a42015433f9152710139fb04a8b81b4fb57a1cb63ffa/regex-2025.11.3-cp310-cp310-win32.whl", hash = "sha256:149eb0bba95231fb4f6d37c8f760ec9fa6fabf65bab555e128dde5f2475193ec", size = 265802, upload-time = "2025-11-03T21:31:06.581Z" },
    { url = "https://files.pythonhosted.org/packages/34/9d/e9e8493a85f3b1ddc4a5014465f5c2b78c3ea1cbf238dcfde78956378041/regex-2025.11.3-cp310-cp310-win_amd64.whl", hash = "sha256:ee3a83ce492074c35a74cc76cf8235d49e77b757193a5365ff86e3f2f93db9fd", size = 277722, upload-time = "2025-11-03T21:31:08.144Z" },
    { url = "https://files.pythonhosted.org/packages/15/c4/b54b24f553966564506dbf873a3e080aef47b356a3b39b5d5aba992b50db/regex-2025.11.3-cp310-cp310-win_arm64.whl", hash = "sha256:38af559ad934a7b35147716655d4a2f79fcef2d695ddfe06a06ba40ae631fa7e", size = 270289, upload-time = "2025-11-03T21:31:10.267Z" },
    { url = "https://files.pythonhosted.org/packages/f7/90/4fb5056e5f03a7048abd2b11f598d464f0c167de4f2a51aa868c376b8c70/regex-2025.11.3-cp311-cp311-macosx_10_9_universal2.whl", hash = "sha256:eadade04221641516fa25139273505a1c19f9bf97589a05bc4cfcd8b4a618031", size = 488081, upload-time = "2025-11-03T21:31:11.946Z" },
    { url = "https://files.pythonhosted.org/packages/85/23/63e481293fac8b069d84fba0299b6666df720d875110efd0338406b5d360/regex-2025.11.3-cp311-cp311-macosx_10_9_x86_64.whl", hash = "sha256:feff9e54ec0dd3833d659257f5c3f5322a12eee58ffa360984b716f8b92983f4", size = 290554, upload-time = "2025-11-03T21:31:13.387Z" },
    { url = "https://files.pythonhosted.org/packages/2b/9d/b101d0262ea293a0066b4522dfb722eb6a8785a8c3e084396a5f2c431a46/regex-2025.11.3-cp311-cp311-macosx_11_0_arm64.whl", hash = "sha256:3b30bc921d50365775c09a7ed446359e5c0179e9e2512beec4a60cbcef6ddd50", size = 288407, upload-time = "2025-11-03T21:31:14.809Z" },
    { url = "https://files.pythonhosted.org/packages/0c/64/79241c8209d5b7e00577ec9dca35cd493cc6be35b7d147eda367d6179f6d/regex-2025.11.3-cp311-cp311-manylinux2014_aarch64.manylinux_2_17_aarch64.manylinux_2_28_aarch64.whl", hash = "sha256:f99be08cfead2020c7ca6e396c13543baea32343b7a9a5780c462e323bd8872f", size = 793418, upload-time = "2025-11-03T21:31:16.556Z" },
    { url = "https://files.pythonhosted.org/packages/3d/e2/23cd5d3573901ce8f9757c92ca4db4d09600b865919b6d3e7f69f03b1afd/regex-2025.11.3-cp311-cp311-manylinux2014_ppc64le.manylinux_2_17_ppc64le.manylinux_2_28_ppc64le.whl", hash = "sha256:6dd329a1b61c0ee95ba95385fb0c07ea0d3fe1a21e1349fa2bec272636217118", size = 860448, upload-time = "2025-11-03T21:31:18.12Z" },
    { url = "https://files.pythonhosted.org/packages/2a/4c/aecf31beeaa416d0ae4ecb852148d38db35391aac19c687b5d56aedf3a8b/regex-2025.11.3-cp311-cp311-manylinux2014_s390x.manylinux_2_17_s390x.manylinux_2_28_s390x.whl", hash = "sha256:4c5238d32f3c5269d9e87be0cf096437b7622b6920f5eac4fd202468aaeb34d2", size = 907139, upload-time = "2025-11-03T21:31:20.753Z" },
    { url = "https://files.pythonhosted.org/packages/61/22/b8cb00df7d2b5e0875f60628594d44dba283e951b1ae17c12f99e332cc0a/regex-2025.11.3-cp311-cp311-manylinux2014_x86_64.manylinux_2_17_x86_64.manylinux_2_28_x86_64.whl", hash = "sha256:10483eefbfb0adb18ee9474498c9a32fcf4e594fbca0543bb94c48bac6183e2e", size = 800439, upload-time = "2025-11-03T21:31:22.069Z" },
    { url = "https://files.pythonhosted.org/packages/02/a8/c4b20330a5cdc7a8eb265f9ce593f389a6a88a0c5f280cf4d978f33966bc/regex-2025.11.3-cp311-cp311-musllinux_1_2_aarch64.whl", hash = "sha256:78c2d02bb6e1da0720eedc0bad578049cad3f71050ef8cd065ecc87691bed2b0", size = 782965, upload-time = "2025-11-03T21:31:23.598Z" },
    { url = "https://files.pythonhosted.org/packages/b4/4c/ae3e52988ae74af4b04d2af32fee4e8077f26e51b62ec2d12d246876bea2/regex-2025.11.3-cp311-cp311-musllinux_1_2_ppc64le.whl", hash = "sha256:e6b49cd2aad93a1790ce9cffb18964f6d3a4b0b3dbdbd5de094b65296fce6e58", size = 854398, upload-time = "2025-11-03T21:31:25.008Z" },
    { url = "https://files.pythonhosted.org/packages/06/d1/a8b9cf45874eda14b2e275157ce3b304c87e10fb38d9fc26a6e14eb18227/regex-2025.11.3-cp311-cp311-musllinux_1_2_s390x.whl", hash = "sha256:885b26aa3ee56433b630502dc3d36ba78d186a00cc535d3806e6bfd9ed3c70ab", size = 845897, upload-time = "2025-11-03T21:31:26.427Z" },
    { url = "https://files.pythonhosted.org/packages/ea/fe/1830eb0236be93d9b145e0bd8ab499f31602fe0999b1f19e99955aa8fe20/regex-2025.11.3-cp311-cp311-musllinux_1_2_x86_64.whl", hash = "sha256:ddd76a9f58e6a00f8772e72cff8ebcff78e022be95edf018766707c730593e1e", size = 788906, upload-time = "2025-11-03T21:31:28.078Z" },
    { url = "https://files.pythonhosted.org/packages/66/47/dc2577c1f95f188c1e13e2e69d8825a5ac582ac709942f8a03af42ed6e93/regex-2025.11.3-cp311-cp311-win32.whl", hash = "sha256:3e816cc9aac1cd3cc9a4ec4d860f06d40f994b5c7b4d03b93345f44e08cc68bf", size = 265812, upload-time = "2025-11-03T21:31:29.72Z" },
    { url = "https://files.pythonhosted.org/packages/50/1e/15f08b2f82a9bbb510621ec9042547b54d11e83cb620643ebb54e4eb7d71/regex-2025.11.3-cp311-cp311-win_amd64.whl", hash = "sha256:087511f5c8b7dfbe3a03f5d5ad0c2a33861b1fc387f21f6f60825a44865a385a", size = 277737, upload-time = "2025-11-03T21:31:31.422Z" },
    { url = "https://files.pythonhosted.org/packages/f4/fc/6500eb39f5f76c5e47a398df82e6b535a5e345f839581012a418b16f9cc3/regex-2025.11.3-cp311-cp311-win_arm64.whl", hash = "sha256:1ff0d190c7f68ae7769cd0313fe45820ba07ffebfddfaa89cc1eb70827ba0ddc", size = 270290, upload-time = "2025-11-03T21:31:33.041Z" },
    { url = "https://files.pythonhosted.org/packages/e8/74/18f04cb53e58e3fb107439699bd8375cf5a835eec81084e0bddbd122e4c2/regex-2025.11.3-cp312-cp312-macosx_10_13_universal2.whl", hash = "sha256:bc8ab71e2e31b16e40868a40a69007bc305e1109bd4658eb6cad007e0bf67c41", size = 489312, upload-time = "2025-11-03T21:31:34.343Z" },
    { url = "https://files.pythonhosted.org/packages/78/3f/37fcdd0d2b1e78909108a876580485ea37c91e1acf66d3bb8e736348f441/regex-2025.11.3-cp312-cp312-macosx_10_13_x86_64.whl", hash = "sha256:22b29dda7e1f7062a52359fca6e58e548e28c6686f205e780b02ad8ef710de36", size = 291256, upload-time = "2025-11-03T21:31:35.675Z" },
    { url = "https://files.pythonhosted.org/packages/bf/26/0a575f58eb23b7ebd67a45fccbc02ac030b737b896b7e7a909ffe43ffd6a/regex-2025.11.3-cp312-cp312-macosx_11_0_arm64.whl", hash = "sha256:3a91e4a29938bc1a082cc28fdea44be420bf2bebe2665343029723892eb073e1", size = 288921, upload-time = "2025-11-03T21:31:37.07Z" },
    { url = "https://files.pythonhosted.org/packages/ea/98/6a8dff667d1af907150432cf5abc05a17ccd32c72a3615410d5365ac167a/regex-2025.11.3-cp312-cp312-manylinux2014_aarch64.manylinux_2_17_aarch64.manylinux_2_28_aarch64.whl", hash = "sha256:08b884f4226602ad40c5d55f52bf91a9df30f513864e0054bad40c0e9cf1afb7", size = 798568, upload-time = "2025-11-03T21:31:38.784Z" },
    { url = "https://files.pythonhosted.org/packages/64/15/92c1db4fa4e12733dd5a526c2dd2b6edcbfe13257e135fc0f6c57f34c173/regex-2025.11.3-cp312-cp312-manylinux2014_ppc64le.manylinux_2_17_ppc64le.manylinux_2_28_ppc64le.whl", hash = "sha256:3e0b11b2b2433d1c39c7c7a30e3f3d0aeeea44c2a8d0bae28f6b95f639927a69", size = 864165, upload-time = "2025-11-03T21:31:40.559Z" },
    { url = "https://files.pythonhosted.org/packages/f9/e7/3ad7da8cdee1ce66c7cd37ab5ab05c463a86ffeb52b1a25fe7bd9293b36c/regex-2025.11.3-cp312-cp312-manylinux2014_s390x.manylinux_2_17_s390x.manylinux_2_28_s390x.whl", hash = "sha256:87eb52a81ef58c7ba4d45c3ca74e12aa4b4e77816f72ca25258a85b3ea96cb48", size = 912182, upload-time = "2025-11-03T21:31:42.002Z" },
    { url = "https://files.pythonhosted.org/packages/84/bd/9ce9f629fcb714ffc2c3faf62b6766ecb7a585e1e885eb699bcf130a5209/regex-2025.11.3-cp312-cp312-manylinux2014_x86_64.manylinux_2_17_x86_64.manylinux_2_28_x86_64.whl", hash = "sha256:a12ab1f5c29b4e93db518f5e3872116b7e9b1646c9f9f426f777b50d44a09e8c", size = 803501, upload-time = "2025-11-03T21:31:43.815Z" },
    { url = "https://files.pythonhosted.org/packages/7c/0f/8dc2e4349d8e877283e6edd6c12bdcebc20f03744e86f197ab6e4492bf08/regex-2025.11.3-cp312-cp312-musllinux_1_2_aarch64.whl", hash = "sha256:7521684c8c7c4f6e88e35ec89680ee1aa8358d3f09d27dfbdf62c446f5d4c695", size = 787842, upload-time = "2025-11-03T21:31:45.353Z" },
    { url = "https://files.pythonhosted.org/packages/f9/73/cff02702960bc185164d5619c0c62a2f598a6abff6695d391b096237d4ab/regex-2025.11.3-cp312-cp312-musllinux_1_2_ppc64le.whl", hash = "sha256:7fe6e5440584e94cc4b3f5f4d98a25e29ca12dccf8873679a635638349831b98", size = 858519, upload-time = "2025-11-03T21:31:46.814Z" },
    { url = "https://files.pythonhosted.org/packages/61/83/0e8d1ae71e15bc1dc36231c90b46ee35f9d52fab2e226b0e039e7ea9c10a/regex-2025.11.3-cp312-cp312-musllinux_1_2_s390x.whl", hash = "sha256:8e026094aa12b43f4fd74576714e987803a315c76edb6b098b9809db5de58f74", size = 850611, upload-time = "2025-11-03T21:31:48.289Z" },
    { url = "https://files.pythonhosted.org/packages/c8/f5/70a5cdd781dcfaa12556f2955bf170cd603cb1c96a1827479f8faea2df97/regex-2025.11.3-cp312-cp312-musllinux_1_2_x86_64.whl", hash = "sha256:435bbad13e57eb5606a68443af62bed3556de2f46deb9f7d4237bc2f1c9fb3a0", size = 789759, upload-time = "2025-11-03T21:31:49.759Z" },
    { url = "https://files.pythonhosted.org/packages/59/9b/7c29be7903c318488983e7d97abcf8ebd3830e4c956c4c540005fcfb0462/regex-2025.11.3-cp312-cp312-win32.whl", hash = "sha256:3839967cf4dc4b985e1570fd8d91078f0c519f30491c60f9ac42a8db039be204", size = 266194, upload-time = "2025-11-03T21:31:51.53Z" },
    { url = "https://files.pythonhosted.org/packages/1a/67/3b92df89f179d7c367be654ab5626ae311cb28f7d5c237b6bb976cd5fbbb/regex-2025.11.3-cp312-cp312-win_amd64.whl", hash = "sha256:e721d1b46e25c481dc5ded6f4b3f66c897c58d2e8cfdf77bbced84339108b0b9", size = 277069, upload-time = "2025-11-03T21:31:53.151Z" },
    { url = "https://files.pythonhosted.org/packages/d7/55/85ba4c066fe5094d35b249c3ce8df0ba623cfd35afb22d6764f23a52a1c5/regex-2025.11.3-cp312-cp312-win_arm64.whl", hash = "sha256:64350685ff08b1d3a6fff33f45a9ca183dc1d58bbfe4981604e70ec9801bbc26", size = 270330, upload-time = "2025-11-03T21:31:54.514Z" },
    { url = "https://files.pythonhosted.org/packages/e1/a7/dda24ebd49da46a197436ad96378f17df30ceb40e52e859fc42cac45b850/regex-2025.11.3-cp313-cp313-macosx_10_13_universal2.whl", hash = "sha256:c1e448051717a334891f2b9a620fe36776ebf3dd8ec46a0b877c8ae69575feb4", size = 489081, upload-time = "2025-11-03T21:31:55.9Z" },
    { url = "https://files.pythonhosted.org/packages/19/22/af2dc751aacf88089836aa088a1a11c4f21a04707eb1b0478e8e8fb32847/regex-2025.11.3-cp313-cp313-macosx_10_13_x86_64.whl", hash = "sha256:9b5aca4d5dfd7fbfbfbdaf44850fcc7709a01146a797536a8f84952e940cca76", size = 291123, upload-time = "2025-11-03T21:31:57.758Z" },
    { url = "https://files.pythonhosted.org/packages/a3/88/1a3ea5672f4b0a84802ee9891b86743438e7c04eb0b8f8c4e16a42375327/regex-2025.11.3-cp313-cp313-macosx_11_0_arm64.whl", hash = "sha256:04d2765516395cf7dda331a244a3282c0f5ae96075f728629287dfa6f76ba70a", size = 288814, upload-time = "2025-11-03T21:32:01.12Z" },
    { url = "https://files.pythonhosted.org/packages/fb/8c/f5987895bf42b8ddeea1b315c9fedcfe07cadee28b9c98cf50d00adcb14d/regex-2025.11.3-cp313-cp313-manylinux2014_aarch64.manylinux_2_17_aarch64.manylinux_2_28_aarch64.whl", hash = "sha256:5d9903ca42bfeec4cebedba8022a7c97ad2aab22e09573ce9976ba01b65e4361", size = 798592, upload-time = "2025-11-03T21:32:03.006Z" },
    { url = "https://files.pythonhosted.org/packages/99/2a/6591ebeede78203fa77ee46a1c36649e02df9eaa77a033d1ccdf2fcd5d4e/regex-2025.11.3-cp313-cp313-manylinux2014_ppc64le.manylinux_2_17_ppc64le.manylinux_2_28_ppc64le.whl", hash = "sha256:639431bdc89d6429f6721625e8129413980ccd62e9d3f496be618a41d205f160", size = 864122, upload-time = "2025-11-03T21:32:04.553Z" },
    { url = "https://files.pythonhosted.org/packages/94/d6/be32a87cf28cf8ed064ff281cfbd49aefd90242a83e4b08b5a86b38e8eb4/regex-2025.11.3-cp313-cp313-manylinux2014_s390x.manylinux_2_17_s390x.manylinux_2_28_s390x.whl", hash = "sha256:f117efad42068f9715677c8523ed2be1518116d1c49b1dd17987716695181efe", size = 912272, upload-time = "2025-11-03T21:32:06.148Z" },
    { url = "https://files.pythonhosted.org/packages/62/11/9bcef2d1445665b180ac7f230406ad80671f0fc2a6ffb93493b5dd8cd64c/regex-2025.11.3-cp313-cp313-manylinux2014_x86_64.manylinux_2_17_x86_64.manylinux_2_28_x86_64.whl", hash = "sha256:4aecb6f461316adf9f1f0f6a4a1a3d79e045f9b71ec76055a791affa3b285850", size = 803497, upload-time = "2025-11-03T21:32:08.162Z" },
    { url = "https://files.pythonhosted.org/packages/e5/a7/da0dc273d57f560399aa16d8a68ae7f9b57679476fc7ace46501d455fe84/regex-2025.11.3-cp313-cp313-musllinux_1_2_aarch64.whl", hash = "sha256:3b3a5f320136873cc5561098dfab677eea139521cb9a9e8db98b7e64aef44cbc", size = 787892, upload-time = "2025-11-03T21:32:09.769Z" },
    { url = "https://files.pythonhosted.org/packages/da/4b/732a0c5a9736a0b8d6d720d4945a2f1e6f38f87f48f3173559f53e8d5d82/regex-2025.11.3-cp313-cp313-musllinux_1_2_ppc64le.whl", hash = "sha256:75fa6f0056e7efb1f42a1c34e58be24072cb9e61a601340cc1196ae92326a4f9", size = 858462, upload-time = "2025-11-03T21:32:11.769Z" },
    { url = "https://files.pythonhosted.org/packages/0c/f5/a2a03df27dc4c2d0c769220f5110ba8c4084b0bfa9ab0f9b4fcfa3d2b0fc/regex-2025.11.3-cp313-cp313-musllinux_1_2_s390x.whl", hash = "sha256:dbe6095001465294f13f1adcd3311e50dd84e5a71525f20a10bd16689c61ce0b", size = 850528, upload-time = "2025-11-03T21:32:13.906Z" },
    { url = "https://files.pythonhosted.org/packages/d6/09/e1cd5bee3841c7f6eb37d95ca91cdee7100b8f88b81e41c2ef426910891a/regex-2025.11.3-cp313-cp313-musllinux_1_2_x86_64.whl", hash = "sha256:454d9b4ae7881afbc25015b8627c16d88a597479b9dea82b8c6e7e2e07240dc7", size = 789866, upload-time = "2025-11-03T21:32:15.748Z" },
    { url = "https://files.pythonhosted.org/packages/eb/51/702f5ea74e2a9c13d855a6a85b7f80c30f9e72a95493260193c07f3f8d74/regex-2025.11.3-cp313-cp313-win32.whl", hash = "sha256:28ba4d69171fc6e9896337d4fc63a43660002b7da53fc15ac992abcf3410917c", size = 266189, upload-time = "2025-11-03T21:32:17.493Z" },
    { url = "https://files.pythonhosted.org/packages/8b/00/6e29bb314e271a743170e53649db0fdb8e8ff0b64b4f425f5602f4eb9014/regex-2025.11.3-cp313-cp313-win_amd64.whl", hash = "sha256:bac4200befe50c670c405dc33af26dad5a3b6b255dd6c000d92fe4629f9ed6a5", size = 277054, upload-time = "2025-11-03T21:32:19.042Z" },
    { url = "https://files.pythonhosted.org/packages/25/f1/b156ff9f2ec9ac441710764dda95e4edaf5f36aca48246d1eea3f1fd96ec/regex-2025.11.3-cp313-cp313-win_arm64.whl", hash = "sha256:2292cd5a90dab247f9abe892ac584cb24f0f54680c73fcb4a7493c66c2bf2467", size = 270325, upload-time = "2025-11-03T21:32:21.338Z" },
    { url = "https://files.pythonhosted.org/packages/20/28/fd0c63357caefe5680b8ea052131acbd7f456893b69cc2a90cc3e0dc90d4/regex-2025.11.3-cp313-cp313t-macosx_10_13_universal2.whl", hash = "sha256:1eb1ebf6822b756c723e09f5186473d93236c06c579d2cc0671a722d2ab14281", size = 491984, upload-time = "2025-11-03T21:32:23.466Z" },
    { url = "https://files.pythonhosted.org/packages/df/ec/7014c15626ab46b902b3bcc4b28a7bae46d8f281fc7ea9c95e22fcaaa917/regex-2025.11.3-cp313-cp313t-macosx_10_13_x86_64.whl", hash = "sha256:1e00ec2970aab10dc5db34af535f21fcf32b4a31d99e34963419636e2f85ae39", size = 292673, upload-time = "2025-11-03T21:32:25.034Z" },
    { url = "https://files.pythonhosted.org/packages/23/ab/3b952ff7239f20d05f1f99e9e20188513905f218c81d52fb5e78d2bf7634/regex-2025.11.3-cp313-cp313t-macosx_11_0_arm64.whl", hash = "sha256:a4cb042b615245d5ff9b3794f56be4138b5adc35a4166014d31d1814744148c7", size = 291029, upload-time = "2025-11-03T21:32:26.528Z" },
    { url = "https://files.pythonhosted.org/packages/21/7e/3dc2749fc684f455f162dcafb8a187b559e2614f3826877d3844a131f37b/regex-2025.11.3-cp313-cp313t-manylinux2014_aarch64.manylinux_2_17_aarch64.manylinux_2_28_aarch64.whl", hash = "sha256:44f264d4bf02f3176467d90b294d59bf1db9fe53c141ff772f27a8b456b2a9ed", size = 807437, upload-time = "2025-11-03T21:32:28.363Z" },
    { url = "https://files.pythonhosted.org/packages/1b/0b/d529a85ab349c6a25d1ca783235b6e3eedf187247eab536797021f7126c6/regex-2025.11.3-cp313-cp313t-manylinux2014_ppc64le.manylinux_2_17_ppc64le.manylinux_2_28_ppc64le.whl", hash = "sha256:7be0277469bf3bd7a34a9c57c1b6a724532a0d235cd0dc4e7f4316f982c28b19", size = 873368, upload-time = "2025-11-03T21:32:30.4Z" },
    { url = "https://files.pythonhosted.org/packages/7d/18/2d868155f8c9e3e9d8f9e10c64e9a9f496bb8f7e037a88a8bed26b435af6/regex-2025.11.3-cp313-cp313t-manylinux2014_s390x.manylinux_2_17_s390x.manylinux_2_28_s390x.whl", hash = "sha256:0d31e08426ff4b5b650f68839f5af51a92a5b51abd8554a60c2fbc7c71f25d0b", size = 914921, upload-time = "2025-11-03T21:32:32.123Z" },
    { url = "https://files.pythonhosted.org/packages/2d/71/9d72ff0f354fa783fe2ba913c8734c3b433b86406117a8db4ea2bf1c7a2f/regex-2025.11.3-cp313-cp313t-manylinux2014_x86_64.manylinux_2_17_x86_64.manylinux_2_28_x86_64.whl", hash = "sha256:e43586ce5bd28f9f285a6e729466841368c4a0353f6fd08d4ce4630843d3648a", size = 812708, upload-time = "2025-11-03T21:32:34.305Z" },
    { url = "https://files.pythonhosted.org/packages/e7/19/ce4bf7f5575c97f82b6e804ffb5c4e940c62609ab2a0d9538d47a7fdf7d4/regex-2025.11.3-cp313-cp313t-musllinux_1_2_aarch64.whl", hash = "sha256:0f9397d561a4c16829d4e6ff75202c1c08b68a3bdbfe29dbfcdb31c9830907c6", size = 795472, upload-time = "2025-11-03T21:32:36.364Z" },
    { url = "https://files.pythonhosted.org/packages/03/86/fd1063a176ffb7b2315f9a1b08d17b18118b28d9df163132615b835a26ee/regex-2025.11.3-cp313-cp313t-musllinux_1_2_ppc64le.whl", hash = "sha256:dd16e78eb18ffdb25ee33a0682d17912e8cc8a770e885aeee95020046128f1ce", size = 868341, upload-time = "2025-11-03T21:32:38.042Z" },
    { url = "https://files.pythonhosted.org/packages/12/43/103fb2e9811205e7386366501bc866a164a0430c79dd59eac886a2822950/regex-2025.11.3-cp313-cp313t-musllinux_1_2_s390x.whl", hash = "sha256:ffcca5b9efe948ba0661e9df0fa50d2bc4b097c70b9810212d6b62f05d83b2dd", size = 854666, upload-time = "2025-11-03T21:32:40.079Z" },
    { url = "https://files.pythonhosted.org/packages/7d/22/e392e53f3869b75804762c7c848bd2dd2abf2b70fb0e526f58724638bd35/regex-2025.11.3-cp313-cp313t-musllinux_1_2_x86_64.whl", hash = "sha256:c56b4d162ca2b43318ac671c65bd4d563e841a694ac70e1a976ac38fcf4ca1d2", size = 799473, upload-time = "2025-11-03T21:32:42.148Z" },
    { url = "https://files.pythonhosted.org/packages/4f/f9/8bd6b656592f925b6845fcbb4d57603a3ac2fb2373344ffa1ed70aa6820a/regex-2025.11.3-cp313-cp313t-win32.whl", hash = "sha256:9ddc42e68114e161e51e272f667d640f97e84a2b9ef14b7477c53aac20c2d59a", size = 268792, upload-time = "2025-11-03T21:32:44.13Z" },
    { url = "https://files.pythonhosted.org/packages/e5/87/0e7d603467775ff65cd2aeabf1b5b50cc1c3708556a8b849a2fa4dd1542b/regex-2025.11.3-cp313-cp313t-win_amd64.whl", hash = "sha256:7a7c7fdf755032ffdd72c77e3d8096bdcb0eb92e89e17571a196f03d88b11b3c", size = 280214, upload-time = "2025-11-03T21:32:45.853Z" },
    { url = "https://files.pythonhosted.org/packages/8d/d0/2afc6f8e94e2b64bfb738a7c2b6387ac1699f09f032d363ed9447fd2bb57/regex-2025.11.3-cp313-cp313t-win_arm64.whl", hash = "sha256:df9eb838c44f570283712e7cff14c16329a9f0fb19ca492d21d4b7528ee6821e", size = 271469, upload-time = "2025-11-03T21:32:48.026Z" },
    { url = "https://files.pythonhosted.org/packages/31/e9/f6e13de7e0983837f7b6d238ad9458800a874bf37c264f7923e63409944c/regex-2025.11.3-cp314-cp314-macosx_10_13_universal2.whl", hash = "sha256:9697a52e57576c83139d7c6f213d64485d3df5bf84807c35fa409e6c970801c6", size = 489089, upload-time = "2025-11-03T21:32:50.027Z" },
    { url = "https://files.pythonhosted.org/packages/a3/5c/261f4a262f1fa65141c1b74b255988bd2fa020cc599e53b080667d591cfc/regex-2025.11.3-cp314-cp314-macosx_10_13_x86_64.whl", hash = "sha256:e18bc3f73bd41243c9b38a6d9f2366cd0e0137a9aebe2d8ff76c5b67d4c0a3f4", size = 291059, upload-time = "2025-11-03T21:32:51.682Z" },
    { url = "https://files.pythonhosted.org/packages/8e/57/f14eeb7f072b0e9a5a090d1712741fd8f214ec193dba773cf5410108bb7d/regex-2025.11.3-cp314-cp314-macosx_11_0_arm64.whl", hash = "sha256:61a08bcb0ec14ff4e0ed2044aad948d0659604f824cbd50b55e30b0ec6f09c73", size = 288900, upload-time = "2025-11-03T21:32:53.569Z" },
    { url = "https://files.pythonhosted.org/packages/3c/6b/1d650c45e99a9b327586739d926a1cd4e94666b1bd4af90428b36af66dc7/regex-2025.11.3-cp314-cp314-manylinux2014_aarch64.manylinux_2_17_aarch64.manylinux_2_28_aarch64.whl", hash = "sha256:c9c30003b9347c24bcc210958c5d167b9e4f9be786cb380a7d32f14f9b84674f", size = 799010, upload-time = "2025-11-03T21:32:55.222Z" },
    { url = "https://files.pythonhosted.org/packages/99/ee/d66dcbc6b628ce4e3f7f0cbbb84603aa2fc0ffc878babc857726b8aab2e9/regex-2025.11.3-cp314-cp314-manylinux2014_ppc64le.manylinux_2_17_ppc64le.manylinux_2_28_ppc64le.whl", hash = "sha256:4e1e592789704459900728d88d41a46fe3969b82ab62945560a31732ffc19a6d", size = 864893, upload-time = "2025-11-03T21:32:57.239Z" },
    { url = "https://files.pythonhosted.org/packages/bf/2d/f238229f1caba7ac87a6c4153d79947fb0261415827ae0f77c304260c7d3/regex-2025.11.3-cp314-cp314-manylinux2014_s390x.manylinux_2_17_s390x.manylinux_2_28_s390x.whl", hash = "sha256:6538241f45eb5a25aa575dbba1069ad786f68a4f2773a29a2bd3dd1f9de787be", size = 911522, upload-time = "2025-11-03T21:32:59.274Z" },
    { url = "https://files.pythonhosted.org/packages/bd/3d/22a4eaba214a917c80e04f6025d26143690f0419511e0116508e24b11c9b/regex-2025.11.3-cp314-cp314-manylinux2014_x86_64.manylinux_2_17_x86_64.manylinux_2_28_x86_64.whl", hash = "sha256:bce22519c989bb72a7e6b36a199384c53db7722fe669ba891da75907fe3587db", size = 803272, upload-time = "2025-11-03T21:33:01.393Z" },
    { url = "https://files.pythonhosted.org/packages/84/b1/03188f634a409353a84b5ef49754b97dbcc0c0f6fd6c8ede505a8960a0a4/regex-2025.11.3-cp314-cp314-musllinux_1_2_aarch64.whl", hash = "sha256:66d559b21d3640203ab9075797a55165d79017520685fb407b9234d72ab63c62", size = 787958, upload-time = "2025-11-03T21:33:03.379Z" },
    { url = "https://files.pythonhosted.org/packages/99/6a/27d072f7fbf6fadd59c64d210305e1ff865cc3b78b526fd147db768c553b/regex-2025.11.3-cp314-cp314-musllinux_1_2_ppc64le.whl", hash = "sha256:669dcfb2e38f9e8c69507bace46f4889e3abbfd9b0c29719202883c0a603598f", size = 859289, upload-time = "2025-11-03T21:33:05.374Z" },
    { url = "https://files.pythonhosted.org/packages/9a/70/1b3878f648e0b6abe023172dacb02157e685564853cc363d9961bcccde4e/regex-2025.11.3-cp314-cp314-musllinux_1_2_s390x.whl", hash = "sha256:32f74f35ff0f25a5021373ac61442edcb150731fbaa28286bbc8bb1582c89d02", size = 850026, upload-time = "2025-11-03T21:33:07.131Z" },
    { url = "https://files.pythonhosted.org/packages/dd/d5/68e25559b526b8baab8e66839304ede68ff6727237a47727d240006bd0ff/regex-2025.11.3-cp314-cp314-musllinux_1_2_x86_64.whl", hash = "sha256:e6c7a21dffba883234baefe91bc3388e629779582038f75d2a5be918e250f0ed", size = 789499, upload-time = "2025-11-03T21:33:09.141Z" },
    { url = "https://files.pythonhosted.org/packages/fc/df/43971264857140a350910d4e33df725e8c94dd9dee8d2e4729fa0d63d49e/regex-2025.11.3-cp314-cp314-win32.whl", hash = "sha256:795ea137b1d809eb6836b43748b12634291c0ed55ad50a7d72d21edf1cd565c4", size = 271604, upload-time = "2025-11-03T21:33:10.9Z" },
    { url = "https://files.pythonhosted.org/packages/01/6f/9711b57dc6894a55faf80a4c1b5aa4f8649805cb9c7aef46f7d27e2b9206/regex-2025.11.3-cp314-cp314-win_amd64.whl", hash = "sha256:9f95fbaa0ee1610ec0fc6b26668e9917a582ba80c52cc6d9ada15e30aa9ab9ad", size = 280320, upload-time = "2025-11-03T21:33:12.572Z" },
    { url = "https://files.pythonhosted.org/packages/f1/7e/f6eaa207d4377481f5e1775cdeb5a443b5a59b392d0065f3417d31d80f87/regex-2025.11.3-cp314-cp314-win_arm64.whl", hash = "sha256:dfec44d532be4c07088c3de2876130ff0fbeeacaa89a137decbbb5f665855a0f", size = 273372, upload-time = "2025-11-03T21:33:14.219Z" },
    { url = "https://files.pythonhosted.org/packages/c3/06/49b198550ee0f5e4184271cee87ba4dfd9692c91ec55289e6282f0f86ccf/regex-2025.11.3-cp314-cp314t-macosx_10_13_universal2.whl", hash = "sha256:ba0d8a5d7f04f73ee7d01d974d47c5834f8a1b0224390e4fe7c12a3a92a78ecc", size = 491985, upload-time = "2025-11-03T21:33:16.555Z" },
    { url = "https://files.pythonhosted.org/packages/ce/bf/abdafade008f0b1c9da10d934034cb670432d6cf6cbe38bbb53a1cfd6cf8/regex-2025.11.3-cp314-cp314t-macosx_10_13_x86_64.whl", hash = "sha256:442d86cf1cfe4faabf97db7d901ef58347efd004934da045c745e7b5bd57ac49", size = 292669, upload-time = "2025-11-03T21:33:18.32Z" },
    { url = "https://files.pythonhosted.org/packages/f9/ef/0c357bb8edbd2ad8e273fcb9e1761bc37b8acbc6e1be050bebd6475f19c1/regex-2025.11.3-cp314-cp314t-macosx_11_0_arm64.whl", hash = "sha256:fd0a5e563c756de210bb964789b5abe4f114dacae9104a47e1a649b910361536", size = 291030, upload-time = "2025-11-03T21:33:20.048Z" },
    { url = "https://files.pythonhosted.org/packages/79/06/edbb67257596649b8fb088d6aeacbcb248ac195714b18a65e018bf4c0b50/regex-2025.11.3-cp314-cp314t-manylinux2014_aarch64.manylinux_2_17_aarch64.manylinux_2_28_aarch64.whl", hash = "sha256:bf3490bcbb985a1ae97b2ce9ad1c0f06a852d5b19dde9b07bdf25bf224248c95", size = 807674, upload-time = "2025-11-03T21:33:21.797Z" },
    { url = "https://files.pythonhosted.org/packages/f4/d9/ad4deccfce0ea336296bd087f1a191543bb99ee1c53093dcd4c64d951d00/regex-2025.11.3-cp314-cp314t-manylinux2014_ppc64le.manylinux_2_17_ppc64le.manylinux_2_28_ppc64le.whl", hash = "sha256:3809988f0a8b8c9dcc0f92478d6501fac7200b9ec56aecf0ec21f4a2ec4b6009", size = 873451, upload-time = "2025-11-03T21:33:23.741Z" },
    { url = "https://files.pythonhosted.org/packages/13/75/a55a4724c56ef13e3e04acaab29df26582f6978c000ac9cd6810ad1f341f/regex-2025.11.3-cp314-cp314t-manylinux2014_s390x.manylinux_2_17_s390x.manylinux_2_28_s390x.whl", hash = "sha256:f4ff94e58e84aedb9c9fce66d4ef9f27a190285b451420f297c9a09f2b9abee9", size = 914980, upload-time = "2025-11-03T21:33:25.999Z" },
    { url = "https://files.pythonhosted.org/packages/67/1e/a1657ee15bd9116f70d4a530c736983eed997b361e20ecd8f5ca3759d5c5/regex-2025.11.3-cp314-cp314t-manylinux2014_x86_64.manylinux_2_17_x86_64.manylinux_2_28_x86_64.whl", hash = "sha256:7eb542fd347ce61e1321b0a6b945d5701528dca0cd9759c2e3bb8bd57e47964d", size = 812852, upload-time = "2025-11-03T21:33:27.852Z" },
    { url = "https://files.pythonhosted.org/packages/b8/6f/f7516dde5506a588a561d296b2d0044839de06035bb486b326065b4c101e/regex-2025.11.3-cp314-cp314t-musllinux_1_2_aarch64.whl", hash = "sha256:d6c2d5919075a1f2e413c00b056ea0c2f065b3f5fe83c3d07d325ab92dce51d6", size = 795566, upload-time = "2025-11-03T21:33:32.364Z" },
    { url = "https://files.pythonhosted.org/packages/d9/dd/3d10b9e170cc16fb34cb2cef91513cf3df65f440b3366030631b2984a264/regex-2025.11.3-cp314-cp314t-musllinux_1_2_ppc64le.whl", hash = "sha256:3f8bf11a4827cc7ce5a53d4ef6cddd5ad25595d3c1435ef08f76825851343154", size = 868463, upload-time = "2025-11-03T21:33:34.459Z" },
    { url = "https://files.pythonhosted.org/packages/f5/8e/935e6beff1695aa9085ff83195daccd72acc82c81793df480f34569330de/regex-2025.11.3-cp314-cp314t-musllinux_1_2_s390x.whl", hash = "sha256:22c12d837298651e5550ac1d964e4ff57c3f56965fc1812c90c9fb2028eaf267", size = 854694, upload-time = "2025-11-03T21:33:36.793Z" },
    { url = "https://files.pythonhosted.org/packages/92/12/10650181a040978b2f5720a6a74d44f841371a3d984c2083fc1752e4acf6/regex-2025.11.3-cp314-cp314t-musllinux_1_2_x86_64.whl", hash = "sha256:62ba394a3dda9ad41c7c780f60f6e4a70988741415ae96f6d1bf6c239cf01379", size = 799691, upload-time = "2025-11-03T21:33:39.079Z" },
    { url = "https://files.pythonhosted.org/packages/67/90/8f37138181c9a7690e7e4cb388debbd389342db3c7381d636d2875940752/regex-2025.11.3-cp314-cp314t-win32.whl", hash = "sha256:4bf146dca15cdd53224a1bf46d628bd7590e4a07fbb69e720d561aea43a32b38", size = 274583, upload-time = "2025-11-03T21:33:41.302Z" },
    { url = "https://files.pythonhosted.org/packages/8f/cd/867f5ec442d56beb56f5f854f40abcfc75e11d10b11fdb1869dd39c63aaf/regex-2025.11.3-cp314-cp314t-win_amd64.whl", hash = "sha256:adad1a1bcf1c9e76346e091d22d23ac54ef28e1365117d99521631078dfec9de", size = 284286, upload-time = "2025-11-03T21:33:43.324Z" },
    { url = "https://files.pythonhosted.org/packages/20/31/32c0c4610cbc070362bf1d2e4ea86d1ea29014d400a6d6c2486fcfd57766/regex-2025.11.3-cp314-cp314t-win_arm64.whl", hash = "sha256:c54f768482cef41e219720013cd05933b6f971d9562544d691c68699bf2b6801", size = 274741, upload-time = "2025-11-03T21:33:45.557Z" },
]

[[package]]
name = "tqdm"
version = "4.67.1"
source = { registry = "https://pypi.org/simple" }
dependencies = [
    { name = "colorama", marker = "sys_platform == 'win32'" },
]
sdist = { url = "https://files.pythonhosted.org/packages/a8/4b/29b4ef32e036bb34e4ab51796dd745cdba7ed47ad142a9f4a1eb8e0c744d/tqdm-4.67.1.tar.gz", hash = "sha256:f8aef9c52c08c13a65f30ea34f4e5aac3fd1a34959879d7e59e63027286627f2", size = 169737, upload-time = "2024-11-24T20:12:22.481Z" }
wheels = [
    { url = "https://files.pythonhosted.org/packages/d0/30/dc54f88dd4a2b5dc8a0279bdd7270e735851848b762aeb1c1184ed1f6b14/tqdm-4.67.1-py3-none-any.whl", hash = "sha256:26445eca388f82e72884e0d580d5464cd801a3ea01e63e5601bdff9ba6a48de2", size = 78540, upload-time = "2024-11-24T20:12:19.698Z" },
]

[[package]]
name = "typing-extensions"
version = "4.15.0"
source = { registry = "https://pypi.org/simple" }
sdist = { url = "https://files.pythonhosted.org/packages/72/94/1a15dd82efb362ac84269196e94cf00f187f7ed21c242792a923cdb1c61f/typing_extensions-4.15.0.tar.gz", hash = "sha256:0cea48d173cc12fa28ecabc3b837ea3cf6f38c6d1136f85cbaaf598984861466", size = 109391, upload-time = "2025-08-25T13:49:26.313Z" }
wheels = [
    { url = "https://files.pythonhosted.org/packages/18/67/36e9267722cc04a6b9f15c7f3441c2363321a3ea07da7ae0c0707beb2a9c/typing_extensions-4.15.0-py3-none-any.whl", hash = "sha256:f0fa19c6845758ab08074a0cfa8b7aecb71c999ca73d62883bc25cc018c4e548", size = 44614, upload-time = "2025-08-25T13:49:24.86Z" },
]
